
Microsoft Visual Studio Solution File, Format Version 12.00
# Visual Studio Version 17
VisualStudioVersion = 17.5.002.0
MinimumVisualStudioVersion = 10.0.40219.1
Project("{9A19103F-16F7-4668-BE54-9A1E7A4F7556}") = "LazarB_StudentDatabase", "LazarB_StudentDatabase.csproj", "{B0383B13-5E06-461C-9769-E9C7280FB45A}"
EndProject
Global
	GlobalSection(SolutionConfigurationPlatforms) = preSolution
		Debug|Any CPU = Debug|Any CPU
		Release|Any CPU = Release|Any CPU
	EndGlobalSection
	GlobalSection(ProjectConfigurationPlatforms) = postSolution
		{B0383B13-5E06-461C-9769-E9C7280FB45A}.Debug|Any CPU.ActiveCfg = Debug|Any CPU
		{B0383B13-5E06-461C-9769-E9C7280FB45A}.Debug|Any CPU.Build.0 = Debug|Any CPU
		{B0383B13-5E06-461C-9769-E9C7280FB45A}.Release|Any CPU.ActiveCfg = Release|Any CPU
		{B0383B13-5E06-461C-9769-E9C7280FB45A}.Release|Any CPU.Build.0 = Release|Any CPU
	EndGlobalSection
	GlobalSection(SolutionProperties) = preSolution
		HideSolutionNode = FALSE
	EndGlobalSection
	GlobalSection(ExtensibilityGlobals) = postSolution
		SolutionGuid = {4AE642A6-4CC2-4D1C-9905-76B72A4E327E}
	EndGlobalSection
EndGlobal
